// !$*UTF8*$!
{
	archiveVersion = 1;
	classes = {
	};
	objectVersion = 50;
	objects = {

/* Begin PBXBuildFile section */
		9F1EBE3026FC832200AD4F63 /* UpdatePeakPositionDelegate.swift in Sources */ = {isa = PBXBuildFile; fileRef = 9F1EBE2E26FC832200AD4F63 /* UpdatePeakPositionDelegate.swift */; };
		9F2F5D7D26CE94DC0071B0C3 /* Node.swift in Sources */ = {isa = PBXBuildFile; fileRef = 9F2F5D7B26CE94DC0071B0C3 /* Node.swift */; };
		9F4A73CB26A9F4E500421873 /* Coordinator.swift in Sources */ = {isa = PBXBuildFile; fileRef = 9F4A73C926A9F4E500421873 /* Coordinator.swift */; };
		9F4A73CE26AC20AB00421873 /* EditorSceneDelegate.swift in Sources */ = {isa = PBXBuildFile; fileRef = 9F4A73CC26AC20AB00421873 /* EditorSceneDelegate.swift */; };
		9F4A744A26C1508900421873 /* UpdatePositionDelegate.swift in Sources */ = {isa = PBXBuildFile; fileRef = 9F4A744826C1508900421873 /* UpdatePositionDelegate.swift */; };
		9F60784D26D9500200CC9468 /* AlgorithmsMenuView.swift in Sources */ = {isa = PBXBuildFile; fileRef = 9F60784926D94F4500CC9468 /* AlgorithmsMenuView.swift */; };
		9F60784E26D9500C00CC9468 /* AlgorithmsViewModel.swift in Sources */ = {isa = PBXBuildFile; fileRef = 9F60784726D94F4500CC9468 /* AlgorithmsViewModel.swift */; };
		9F60784F26D9500F00CC9468 /* Algorithms.swift in Sources */ = {isa = PBXBuildFile; fileRef = 9F60784826D94F4500CC9468 /* Algorithms.swift */; };
		9F60785226DBA5A100CC9468 /* ObstaclesForAlgorithmDelegate.swift in Sources */ = {isa = PBXBuildFile; fileRef = 9F60785026DBA5A100CC9468 /* ObstaclesForAlgorithmDelegate.swift */; };
		9F60785926DF9CAC00CC9468 /* AlgorithmPicker.swift in Sources */ = {isa = PBXBuildFile; fileRef = 9F60785726DF9CAC00CC9468 /* AlgorithmPicker.swift */; };
		9F60785C26E64E0500CC9468 /* DrawPathDelegate.swift in Sources */ = {isa = PBXBuildFile; fileRef = 9F60785A26E64E0500CC9468 /* DrawPathDelegate.swift */; };
		9F60785F26E651D100CC9468 /* PathDrawer.swift in Sources */ = {isa = PBXBuildFile; fileRef = 9F60785D26E651D100CC9468 /* PathDrawer.swift */; };
		9F7BD00126FB383700D2948F /* Pyramid.swift in Sources */ = {isa = PBXBuildFile; fileRef = 9F7BCFFF26FB383700D2948F /* Pyramid.swift */; };
		9F7BD00F26FB766300D2948F /* PyramidPeak.swift in Sources */ = {isa = PBXBuildFile; fileRef = 9F7BD00D26FB766300D2948F /* PyramidPeak.swift */; };
		9F7BD01226FB76BF00D2948F /* PyramidPropertiesViewModel.swift in Sources */ = {isa = PBXBuildFile; fileRef = 9F7BD01026FB76BF00D2948F /* PyramidPropertiesViewModel.swift */; };
		9F7BD01526FB775C00D2948F /* PyramidPeakView.swift in Sources */ = {isa = PBXBuildFile; fileRef = 9F7BD01326FB775C00D2948F /* PyramidPeakView.swift */; };
		9F8894B026A350D2003E859D /* Content.swift in Sources */ = {isa = PBXBuildFile; fileRef = 9F8894AE26A350D2003E859D /* Content.swift */; };
		9F8894B826A353EC003E859D /* ContentModel.swift in Sources */ = {isa = PBXBuildFile; fileRef = 9F8894B626A353EC003E859D /* ContentModel.swift */; };
		9F8894BB26A354A3003E859D /* ContentViewModel.swift in Sources */ = {isa = PBXBuildFile; fileRef = 9F8894B926A354A3003E859D /* ContentViewModel.swift */; };
		9F94EF2926C15630009D2E0C /* UpdateSizeDelegate.swift in Sources */ = {isa = PBXBuildFile; fileRef = 9F94EF2726C15630009D2E0C /* UpdateSizeDelegate.swift */; };
		9F94EF3226C5B294009D2E0C /* MenuDelegate.swift in Sources */ = {isa = PBXBuildFile; fileRef = 9F94EF3026C5B294009D2E0C /* MenuDelegate.swift */; };
		9F94EF3926CBEBE7009D2E0C /* ObstacleGenerator.swift in Sources */ = {isa = PBXBuildFile; fileRef = 9F94EF3626CBEBE7009D2E0C /* ObstacleGenerator.swift */; };
		9F94EF3B26CBEBE7009D2E0C /* ObstacleGeneratorDelegate.swift in Sources */ = {isa = PBXBuildFile; fileRef = 9F94EF3726CBEBE7009D2E0C /* ObstacleGeneratorDelegate.swift */; };
		9F94EF3F26CBEC0B009D2E0C /* SceneKitView.swift in Sources */ = {isa = PBXBuildFile; fileRef = 9F94EF3C26CBEC0A009D2E0C /* SceneKitView.swift */; };
		9F94EF4126CBEC0B009D2E0C /* SceneViewRepresentable.swift in Sources */ = {isa = PBXBuildFile; fileRef = 9F94EF3D26CBEC0A009D2E0C /* SceneViewRepresentable.swift */; };
		9F94EF4526CBF10A009D2E0C /* StartEndProps.swift in Sources */ = {isa = PBXBuildFile; fileRef = 9F94EF4326CBF10A009D2E0C /* StartEndProps.swift */; };
		9F94EF4826CBF12A009D2E0C /* StartEndPropsViewModel.swift in Sources */ = {isa = PBXBuildFile; fileRef = 9F94EF4626CBF12A009D2E0C /* StartEndPropsViewModel.swift */; };
		9F94EF4B26CBF136009D2E0C /* StartEndPropsView.swift in Sources */ = {isa = PBXBuildFile; fileRef = 9F94EF4926CBF136009D2E0C /* StartEndPropsView.swift */; };
		9F94EF5126CE9092009D2E0C /* Grid.swift in Sources */ = {isa = PBXBuildFile; fileRef = 9F94EF4F26CE9092009D2E0C /* Grid.swift */; };
		9FD9897D27137B9200A0A08C /* SwiftPriorityQueue.swift in Sources */ = {isa = PBXBuildFile; fileRef = 9FD9897C27137B9200A0A08C /* SwiftPriorityQueue.swift */; };
		9FD9897F27149B6200A0A08C /* ShowHelpDelegate.swift in Sources */ = {isa = PBXBuildFile; fileRef = 9FD9897E27149B6200A0A08C /* ShowHelpDelegate.swift */; };
		9FD989822714A4F000A0A08C /* HelpMenuView.swift in Sources */ = {isa = PBXBuildFile; fileRef = 9FD989812714A4F000A0A08C /* HelpMenuView.swift */; };
		9FD989832714C24B00A0A08C /* Assets.xcassets in Resources */ = {isa = PBXBuildFile; fileRef = 9FE0D57326309F84007BFAB0 /* Assets.xcassets */; };
		9FE098F426FF896A00B3EDBD /* SavesManager.swift in Sources */ = {isa = PBXBuildFile; fileRef = 9FE098F226FF880100B3EDBD /* SavesManager.swift */; };
		9FE099032703340600B3EDBD /* SavesMenuViewModel.swift in Sources */ = {isa = PBXBuildFile; fileRef = 9FE098FC27031B7500B3EDBD /* SavesMenuViewModel.swift */; };
		9FE099042703340900B3EDBD /* SaveFiles.swift in Sources */ = {isa = PBXBuildFile; fileRef = 9FE098FE2703311800B3EDBD /* SaveFiles.swift */; };
		9FE099052703340C00B3EDBD /* SavesMenuView.swift in Sources */ = {isa = PBXBuildFile; fileRef = 9FE098FA2703177800B3EDBD /* SavesMenuView.swift */; };
		9FE0990C2703726C00B3EDBD /* SaveMenuDelegate.swift in Sources */ = {isa = PBXBuildFile; fileRef = 9FE0990A2703712900B3EDBD /* SaveMenuDelegate.swift */; };
		9FE0D59B26309F85007BFAB0 /* AlgorhitmSimulatorApp.swift in Sources */ = {isa = PBXBuildFile; fileRef = 9FE0D57126309F81007BFAB0 /* AlgorhitmSimulatorApp.swift */; };
		9FE0D59D26309F85007BFAB0 /* ContentView.swift in Sources */ = {isa = PBXBuildFile; fileRef = 9FE0D57226309F81007BFAB0 /* ContentView.swift */; };
		9FE0D59F26309F85007BFAB0 /* Assets.xcassets in Resources */ = {isa = PBXBuildFile; fileRef = 9FE0D57326309F84007BFAB0 /* Assets.xcassets */; };
		9FE0D5B426309FC7007BFAB0 /* ShapeButton.swift in Sources */ = {isa = PBXBuildFile; fileRef = 9FE0D5B226309FC7007BFAB0 /* ShapeButton.swift */; };
		9FE0D5BD2630A0FC007BFAB0 /* ShapeButtonsViewModel.swift in Sources */ = {isa = PBXBuildFile; fileRef = 9FE0D5BB2630A0FC007BFAB0 /* ShapeButtonsViewModel.swift */; };
		9FE0D5C82630C376007BFAB0 /* ShapeButtonsRow.swift in Sources */ = {isa = PBXBuildFile; fileRef = 9FE0D5C62630C375007BFAB0 /* ShapeButtonsRow.swift */; };
		9FE0D5D82630CD6E007BFAB0 /* MenuModel.swift in Sources */ = {isa = PBXBuildFile; fileRef = 9FE0D5D22630CD5C007BFAB0 /* MenuModel.swift */; };
		9FE0D5E72630CFE2007BFAB0 /* MenuViewModel.swift in Sources */ = {isa = PBXBuildFile; fileRef = 9FE0D5E52630CFE2007BFAB0 /* MenuViewModel.swift */; };
		9FE0D6122630DB11007BFAB0 /* LabeledDivider.swift in Sources */ = {isa = PBXBuildFile; fileRef = 9FE0D6102630DB11007BFAB0 /* LabeledDivider.swift */; };
		9FE0D63C2630ED45007BFAB0 /* MenuView.swift in Sources */ = {isa = PBXBuildFile; fileRef = 9FE0D63A2630ED45007BFAB0 /* MenuView.swift */; };
		9FE0D64D2630EE2A007BFAB0 /* Size.swift in Sources */ = {isa = PBXBuildFile; fileRef = 9FE0D64B2630EE2A007BFAB0 /* Size.swift */; };
		9FE0D6582630EE9E007BFAB0 /* SizeViewModel.swift in Sources */ = {isa = PBXBuildFile; fileRef = 9FE0D6562630EE9E007BFAB0 /* SizeViewModel.swift */; };
		9FE0D6622630EFB7007BFAB0 /* SizePropertiesView.swift in Sources */ = {isa = PBXBuildFile; fileRef = 9FE0D6602630EFB7007BFAB0 /* SizePropertiesView.swift */; };
		9FE0D6692630F114007BFAB0 /* Formatter.swift in Sources */ = {isa = PBXBuildFile; fileRef = 9FE0D6672630F114007BFAB0 /* Formatter.swift */; };
		9FE0D6742630F8AE007BFAB0 /* Position.swift in Sources */ = {isa = PBXBuildFile; fileRef = 9FE0D6722630F8AE007BFAB0 /* Position.swift */; };
		9FE0D67B2630F8F0007BFAB0 /* PositionViewModel.swift in Sources */ = {isa = PBXBuildFile; fileRef = 9FE0D6792630F8F0007BFAB0 /* PositionViewModel.swift */; };
		9FE0D6822630F967007BFAB0 /* PositionPropertiesView.swift in Sources */ = {isa = PBXBuildFile; fileRef = 9FE0D6802630F967007BFAB0 /* PositionPropertiesView.swift */; };
/* End PBXBuildFile section */

/* Begin PBXContainerItemProxy section */
		9FE0D59426309F85007BFAB0 /* PBXContainerItemProxy */ = {
			isa = PBXContainerItemProxy;
			containerPortal = 9FE0D56C26309F81007BFAB0 /* Project object */;
			proxyType = 1;
			remoteGlobalIDString = 9FE0D57F26309F85007BFAB0;
			remoteInfo = "Test (macOS)";
		};
/* End PBXContainerItemProxy section */

/* Begin PBXCopyFilesBuildPhase section */
		9FE098F72701F78700B3EDBD /* Embed Frameworks */ = {
			isa = PBXCopyFilesBuildPhase;
			buildActionMask = 2147483647;
			dstPath = "";
			dstSubfolderSpec = 10;
			files = (
			);
			name = "Embed Frameworks";
			runOnlyForDeploymentPostprocessing = 0;
		};
/* End PBXCopyFilesBuildPhase section */

/* Begin PBXFileReference section */
		9F1EBE2E26FC832200AD4F63 /* UpdatePeakPositionDelegate.swift */ = {isa = PBXFileReference; lastKnownFileType = sourcecode.swift; path = UpdatePeakPositionDelegate.swift; sourceTree = "<group>"; };
		9F2F5D7B26CE94DC0071B0C3 /* Node.swift */ = {isa = PBXFileReference; fileEncoding = 4; lastKnownFileType = sourcecode.swift; path = Node.swift; sourceTree = "<group>"; };
		9F4A73C926A9F4E500421873 /* Coordinator.swift */ = {isa = PBXFileReference; lastKnownFileType = sourcecode.swift; path = Coordinator.swift; sourceTree = "<group>"; };
		9F4A73CC26AC20AB00421873 /* EditorSceneDelegate.swift */ = {isa = PBXFileReference; lastKnownFileType = sourcecode.swift; path = EditorSceneDelegate.swift; sourceTree = "<group>"; };
		9F4A744826C1508900421873 /* UpdatePositionDelegate.swift */ = {isa = PBXFileReference; lastKnownFileType = sourcecode.swift; path = UpdatePositionDelegate.swift; sourceTree = "<group>"; };
		9F60784726D94F4500CC9468 /* AlgorithmsViewModel.swift */ = {isa = PBXFileReference; fileEncoding = 4; lastKnownFileType = sourcecode.swift; path = AlgorithmsViewModel.swift; sourceTree = "<group>"; };
		9F60784826D94F4500CC9468 /* Algorithms.swift */ = {isa = PBXFileReference; fileEncoding = 4; lastKnownFileType = sourcecode.swift; path = Algorithms.swift; sourceTree = "<group>"; };
		9F60784926D94F4500CC9468 /* AlgorithmsMenuView.swift */ = {isa = PBXFileReference; fileEncoding = 4; lastKnownFileType = sourcecode.swift; path = AlgorithmsMenuView.swift; sourceTree = "<group>"; };
		9F60785026DBA5A100CC9468 /* ObstaclesForAlgorithmDelegate.swift */ = {isa = PBXFileReference; lastKnownFileType = sourcecode.swift; path = ObstaclesForAlgorithmDelegate.swift; sourceTree = "<group>"; };
		9F60785726DF9CAC00CC9468 /* AlgorithmPicker.swift */ = {isa = PBXFileReference; lastKnownFileType = sourcecode.swift; path = AlgorithmPicker.swift; sourceTree = "<group>"; };
		9F60785A26E64E0500CC9468 /* DrawPathDelegate.swift */ = {isa = PBXFileReference; lastKnownFileType = sourcecode.swift; path = DrawPathDelegate.swift; sourceTree = "<group>"; };
		9F60785D26E651D100CC9468 /* PathDrawer.swift */ = {isa = PBXFileReference; lastKnownFileType = sourcecode.swift; path = PathDrawer.swift; sourceTree = "<group>"; };
		9F7BCFFF26FB383700D2948F /* Pyramid.swift */ = {isa = PBXFileReference; lastKnownFileType = sourcecode.swift; path = Pyramid.swift; sourceTree = "<group>"; };
		9F7BD00D26FB766300D2948F /* PyramidPeak.swift */ = {isa = PBXFileReference; lastKnownFileType = sourcecode.swift; path = PyramidPeak.swift; sourceTree = "<group>"; };
		9F7BD01026FB76BF00D2948F /* PyramidPropertiesViewModel.swift */ = {isa = PBXFileReference; lastKnownFileType = sourcecode.swift; path = PyramidPropertiesViewModel.swift; sourceTree = "<group>"; };
		9F7BD01326FB775C00D2948F /* PyramidPeakView.swift */ = {isa = PBXFileReference; lastKnownFileType = sourcecode.swift; path = PyramidPeakView.swift; sourceTree = "<group>"; };
		9F8894AE26A350D2003E859D /* Content.swift */ = {isa = PBXFileReference; lastKnownFileType = sourcecode.swift; path = Content.swift; sourceTree = "<group>"; };
		9F8894B626A353EC003E859D /* ContentModel.swift */ = {isa = PBXFileReference; lastKnownFileType = sourcecode.swift; path = ContentModel.swift; sourceTree = "<group>"; };
		9F8894B926A354A3003E859D /* ContentViewModel.swift */ = {isa = PBXFileReference; lastKnownFileType = sourcecode.swift; path = ContentViewModel.swift; sourceTree = "<group>"; };
		9F94EF2726C15630009D2E0C /* UpdateSizeDelegate.swift */ = {isa = PBXFileReference; lastKnownFileType = sourcecode.swift; path = UpdateSizeDelegate.swift; sourceTree = "<group>"; };
		9F94EF3026C5B294009D2E0C /* MenuDelegate.swift */ = {isa = PBXFileReference; lastKnownFileType = sourcecode.swift; path = MenuDelegate.swift; sourceTree = "<group>"; };
		9F94EF3626CBEBE7009D2E0C /* ObstacleGenerator.swift */ = {isa = PBXFileReference; fileEncoding = 4; lastKnownFileType = sourcecode.swift; path = ObstacleGenerator.swift; sourceTree = "<group>"; };
		9F94EF3726CBEBE7009D2E0C /* ObstacleGeneratorDelegate.swift */ = {isa = PBXFileReference; fileEncoding = 4; lastKnownFileType = sourcecode.swift; path = ObstacleGeneratorDelegate.swift; sourceTree = "<group>"; };
		9F94EF3C26CBEC0A009D2E0C /* SceneKitView.swift */ = {isa = PBXFileReference; fileEncoding = 4; lastKnownFileType = sourcecode.swift; path = SceneKitView.swift; sourceTree = "<group>"; };
		9F94EF3D26CBEC0A009D2E0C /* SceneViewRepresentable.swift */ = {isa = PBXFileReference; fileEncoding = 4; lastKnownFileType = sourcecode.swift; path = SceneViewRepresentable.swift; sourceTree = "<group>"; };
		9F94EF4326CBF10A009D2E0C /* StartEndProps.swift */ = {isa = PBXFileReference; lastKnownFileType = sourcecode.swift; path = StartEndProps.swift; sourceTree = "<group>"; };
		9F94EF4626CBF12A009D2E0C /* StartEndPropsViewModel.swift */ = {isa = PBXFileReference; lastKnownFileType = sourcecode.swift; path = StartEndPropsViewModel.swift; sourceTree = "<group>"; };
		9F94EF4926CBF136009D2E0C /* StartEndPropsView.swift */ = {isa = PBXFileReference; lastKnownFileType = sourcecode.swift; path = StartEndPropsView.swift; sourceTree = "<group>"; };
		9F94EF4F26CE9092009D2E0C /* Grid.swift */ = {isa = PBXFileReference; lastKnownFileType = sourcecode.swift; path = Grid.swift; sourceTree = "<group>"; };
		9FD9897C27137B9200A0A08C /* SwiftPriorityQueue.swift */ = {isa = PBXFileReference; fileEncoding = 4; lastKnownFileType = sourcecode.swift; path = SwiftPriorityQueue.swift; sourceTree = "<group>"; };
		9FD9897E27149B6200A0A08C /* ShowHelpDelegate.swift */ = {isa = PBXFileReference; lastKnownFileType = sourcecode.swift; path = ShowHelpDelegate.swift; sourceTree = "<group>"; };
		9FD989812714A4F000A0A08C /* HelpMenuView.swift */ = {isa = PBXFileReference; lastKnownFileType = sourcecode.swift; path = HelpMenuView.swift; sourceTree = "<group>"; };
		9FE098F226FF880100B3EDBD /* SavesManager.swift */ = {isa = PBXFileReference; lastKnownFileType = sourcecode.swift; name = SavesManager.swift; path = Shared/Helpers/SavesManager.swift; sourceTree = SOURCE_ROOT; };
		9FE098FA2703177800B3EDBD /* SavesMenuView.swift */ = {isa = PBXFileReference; lastKnownFileType = sourcecode.swift; path = SavesMenuView.swift; sourceTree = "<group>"; };
		9FE098FC27031B7500B3EDBD /* SavesMenuViewModel.swift */ = {isa = PBXFileReference; lastKnownFileType = sourcecode.swift; path = SavesMenuViewModel.swift; sourceTree = "<group>"; };
		9FE098FE2703311800B3EDBD /* SaveFiles.swift */ = {isa = PBXFileReference; lastKnownFileType = sourcecode.swift; path = SaveFiles.swift; sourceTree = "<group>"; };
		9FE0990A2703712900B3EDBD /* SaveMenuDelegate.swift */ = {isa = PBXFileReference; lastKnownFileType = sourcecode.swift; path = SaveMenuDelegate.swift; sourceTree = "<group>"; };
		9FE0D57126309F81007BFAB0 /* AlgorhitmSimulatorApp.swift */ = {isa = PBXFileReference; lastKnownFileType = sourcecode.swift; path = AlgorhitmSimulatorApp.swift; sourceTree = "<group>"; };
		9FE0D57226309F81007BFAB0 /* ContentView.swift */ = {isa = PBXFileReference; lastKnownFileType = sourcecode.swift; path = ContentView.swift; sourceTree = "<group>"; };
		9FE0D57326309F84007BFAB0 /* Assets.xcassets */ = {isa = PBXFileReference; lastKnownFileType = folder.assetcatalog; path = Assets.xcassets; sourceTree = "<group>"; };
		9FE0D58026309F85007BFAB0 /* AlgorhitmSimulator.app */ = {isa = PBXFileReference; explicitFileType = wrapper.application; includeInIndex = 0; path = AlgorhitmSimulator.app; sourceTree = BUILT_PRODUCTS_DIR; };
		9FE0D59326309F85007BFAB0 /* AlgorhitmSimulators macOS.xctest */ = {isa = PBXFileReference; explicitFileType = wrapper.cfbundle; includeInIndex = 0; path = "AlgorhitmSimulators macOS.xctest"; sourceTree = BUILT_PRODUCTS_DIR; };
		9FE0D5B226309FC7007BFAB0 /* ShapeButton.swift */ = {isa = PBXFileReference; lastKnownFileType = sourcecode.swift; path = ShapeButton.swift; sourceTree = "<group>"; };
		9FE0D5BB2630A0FC007BFAB0 /* ShapeButtonsViewModel.swift */ = {isa = PBXFileReference; lastKnownFileType = sourcecode.swift; path = ShapeButtonsViewModel.swift; sourceTree = "<group>"; };
		9FE0D5C62630C375007BFAB0 /* ShapeButtonsRow.swift */ = {isa = PBXFileReference; lastKnownFileType = sourcecode.swift; path = ShapeButtonsRow.swift; sourceTree = "<group>"; };
		9FE0D5D22630CD5C007BFAB0 /* MenuModel.swift */ = {isa = PBXFileReference; lastKnownFileType = sourcecode.swift; path = MenuModel.swift; sourceTree = "<group>"; };
		9FE0D5E52630CFE2007BFAB0 /* MenuViewModel.swift */ = {isa = PBXFileReference; lastKnownFileType = sourcecode.swift; path = MenuViewModel.swift; sourceTree = "<group>"; };
		9FE0D6102630DB11007BFAB0 /* LabeledDivider.swift */ = {isa = PBXFileReference; lastKnownFileType = sourcecode.swift; path = LabeledDivider.swift; sourceTree = "<group>"; };
		9FE0D63A2630ED45007BFAB0 /* MenuView.swift */ = {isa = PBXFileReference; lastKnownFileType = sourcecode.swift; path = MenuView.swift; sourceTree = "<group>"; };
		9FE0D64B2630EE2A007BFAB0 /* Size.swift */ = {isa = PBXFileReference; lastKnownFileType = sourcecode.swift; path = Size.swift; sourceTree = "<group>"; };
		9FE0D6562630EE9E007BFAB0 /* SizeViewModel.swift */ = {isa = PBXFileReference; lastKnownFileType = sourcecode.swift; path = SizeViewModel.swift; sourceTree = "<group>"; };
		9FE0D6602630EFB7007BFAB0 /* SizePropertiesView.swift */ = {isa = PBXFileReference; lastKnownFileType = sourcecode.swift; path = SizePropertiesView.swift; sourceTree = "<group>"; };
		9FE0D6672630F114007BFAB0 /* Formatter.swift */ = {isa = PBXFileReference; lastKnownFileType = sourcecode.swift; path = Formatter.swift; sourceTree = "<group>"; };
		9FE0D6722630F8AE007BFAB0 /* Position.swift */ = {isa = PBXFileReference; lastKnownFileType = sourcecode.swift; path = Position.swift; sourceTree = "<group>"; };
		9FE0D6792630F8F0007BFAB0 /* PositionViewModel.swift */ = {isa = PBXFileReference; lastKnownFileType = sourcecode.swift; path = PositionViewModel.swift; sourceTree = "<group>"; };
		9FE0D6802630F967007BFAB0 /* PositionPropertiesView.swift */ = {isa = PBXFileReference; lastKnownFileType = sourcecode.swift; path = PositionPropertiesView.swift; sourceTree = "<group>"; };
/* End PBXFileReference section */

/* Begin PBXFrameworksBuildPhase section */
		9FE0D57D26309F85007BFAB0 /* Frameworks */ = {
			isa = PBXFrameworksBuildPhase;
			buildActionMask = 2147483647;
			files = (
			);
			runOnlyForDeploymentPostprocessing = 0;
		};
		9FE0D59026309F85007BFAB0 /* Frameworks */ = {
			isa = PBXFrameworksBuildPhase;
			buildActionMask = 2147483647;
			files = (
			);
			runOnlyForDeploymentPostprocessing = 0;
		};
/* End PBXFrameworksBuildPhase section */

/* Begin PBXGroup section */
		9F60783F26D92F2800CC9468 /* Algorhitms */ = {
			isa = PBXGroup;
			children = (
				9F60784026D92F4500CC9468 /* Menu */,
				9F60785726DF9CAC00CC9468 /* AlgorithmPicker.swift */,
			);
			path = Algorhitms;
			sourceTree = "<group>";
		};
		9F60784026D92F4500CC9468 /* Menu */ = {
			isa = PBXGroup;
			children = (
				9F60784826D94F4500CC9468 /* Algorithms.swift */,
				9F60784726D94F4500CC9468 /* AlgorithmsViewModel.swift */,
				9F60784926D94F4500CC9468 /* AlgorithmsMenuView.swift */,
				9F60785026DBA5A100CC9468 /* ObstaclesForAlgorithmDelegate.swift */,
				9F60785A26E64E0500CC9468 /* DrawPathDelegate.swift */,
			);
			path = Menu;
			sourceTree = "<group>";
		};
		9F60785326DF915200CC9468 /* Helpers */ = {
			isa = PBXGroup;
			children = (
				9FD9897C27137B9200A0A08C /* SwiftPriorityQueue.swift */,
				9FE0D6672630F114007BFAB0 /* Formatter.swift */,
				9F60785D26E651D100CC9468 /* PathDrawer.swift */,
				9FE098F226FF880100B3EDBD /* SavesManager.swift */,
			);
			path = Helpers;
			sourceTree = "<group>";
		};
		9F7BCFFE26FB36FB00D2948F /* Shapes */ = {
			isa = PBXGroup;
			children = (
				9F7BCFFF26FB383700D2948F /* Pyramid.swift */,
			);
			path = Shapes;
			sourceTree = "<group>";
		};
		9F7BD00B26FB756200D2948F /* PyramidMenu */ = {
			isa = PBXGroup;
			children = (
				9F7BD00D26FB766300D2948F /* PyramidPeak.swift */,
				9F7BD01026FB76BF00D2948F /* PyramidPropertiesViewModel.swift */,
				9F7BD01326FB775C00D2948F /* PyramidPeakView.swift */,
				9F1EBE2E26FC832200AD4F63 /* UpdatePeakPositionDelegate.swift */,
			);
			path = PyramidMenu;
			sourceTree = "<group>";
		};
		9F7BD00C26FB757000D2948F /* StartEnd */ = {
			isa = PBXGroup;
			children = (
				9F94EF4326CBF10A009D2E0C /* StartEndProps.swift */,
				9F94EF4626CBF12A009D2E0C /* StartEndPropsViewModel.swift */,
				9F94EF4926CBF136009D2E0C /* StartEndPropsView.swift */,
			);
			path = StartEnd;
			sourceTree = "<group>";
		};
		9F8894AB26A33AD7003E859D /* Editor */ = {
			isa = PBXGroup;
			children = (
				9F8894AD26A350A6003E859D /* SceneKit */,
			);
			path = Editor;
			sourceTree = "<group>";
		};
		9F8894AC26A33AF9003E859D /* Generator */ = {
			isa = PBXGroup;
			children = (
				9F7BCFFE26FB36FB00D2948F /* Shapes */,
				9F94EF3626CBEBE7009D2E0C /* ObstacleGenerator.swift */,
				9F94EF3726CBEBE7009D2E0C /* ObstacleGeneratorDelegate.swift */,
			);
			path = Generator;
			sourceTree = "<group>";
		};
		9F8894AD26A350A6003E859D /* SceneKit */ = {
			isa = PBXGroup;
			children = (
				9F94EF3C26CBEC0A009D2E0C /* SceneKitView.swift */,
				9F94EF3D26CBEC0A009D2E0C /* SceneViewRepresentable.swift */,
				9F8894AE26A350D2003E859D /* Content.swift */,
				9F4A73C926A9F4E500421873 /* Coordinator.swift */,
				9F4A73CC26AC20AB00421873 /* EditorSceneDelegate.swift */,
			);
			path = SceneKit;
			sourceTree = "<group>";
		};
		9F94EF3326CBEB30009D2E0C /* Grid */ = {
			isa = PBXGroup;
			children = (
				9F2F5D7B26CE94DC0071B0C3 /* Node.swift */,
				9F94EF4F26CE9092009D2E0C /* Grid.swift */,
			);
			path = Grid;
			sourceTree = "<group>";
		};
		9F94EF4226CBF0F0009D2E0C /* Other */ = {
			isa = PBXGroup;
			children = (
				9F7BD00C26FB757000D2948F /* StartEnd */,
				9F7BD00B26FB756200D2948F /* PyramidMenu */,
			);
			path = Other;
			sourceTree = "<group>";
		};
		9FD989802714A4D000A0A08C /* HelpMenu */ = {
			isa = PBXGroup;
			children = (
				9FD989812714A4F000A0A08C /* HelpMenuView.swift */,
			);
			name = HelpMenu;
			sourceTree = "<group>";
		};
		9FE098F92703175E00B3EDBD /* SavesMenu */ = {
			isa = PBXGroup;
			children = (
				9FE098FE2703311800B3EDBD /* SaveFiles.swift */,
				9FE098FC27031B7500B3EDBD /* SavesMenuViewModel.swift */,
				9FE098FA2703177800B3EDBD /* SavesMenuView.swift */,
				9FE0990A2703712900B3EDBD /* SaveMenuDelegate.swift */,
			);
			path = SavesMenu;
			sourceTree = "<group>";
		};
		9FE0D56B26309F81007BFAB0 = {
			isa = PBXGroup;
			children = (
				9FE0D57026309F81007BFAB0 /* Shared */,
				9FE0D57926309F84007BFAB0 /* Products */,
			);
			sourceTree = "<group>";
		};
		9FE0D57026309F81007BFAB0 /* Shared */ = {
			isa = PBXGroup;
			children = (
				9FD989802714A4D000A0A08C /* HelpMenu */,
				9F60785326DF915200CC9468 /* Helpers */,
				9F8894AC26A33AF9003E859D /* Generator */,
				9F94EF3326CBEB30009D2E0C /* Grid */,
				9FE0D6492630EDBD007BFAB0 /* Menu */,
				9FE098F92703175E00B3EDBD /* SavesMenu */,
				9F60783F26D92F2800CC9468 /* Algorhitms */,
				9F8894AB26A33AD7003E859D /* Editor */,
				9FE0D5F92630D6B7007BFAB0 /* Contentview */,
				9FE0D6102630DB11007BFAB0 /* LabeledDivider.swift */,
				9FE0D57126309F81007BFAB0 /* AlgorhitmSimulatorApp.swift */,
				9FE0D57326309F84007BFAB0 /* Assets.xcassets */,
			);
			path = Shared;
			sourceTree = "<group>";
		};
		9FE0D57926309F84007BFAB0 /* Products */ = {
			isa = PBXGroup;
			children = (
				9FE0D58026309F85007BFAB0 /* AlgorhitmSimulator.app */,
				9FE0D59326309F85007BFAB0 /* AlgorhitmSimulators macOS.xctest */,
			);
			name = Products;
			sourceTree = "<group>";
		};
		9FE0D5F82630D69E007BFAB0 /* ShapeButtons */ = {
			isa = PBXGroup;
			children = (
				9FE0D5B226309FC7007BFAB0 /* ShapeButton.swift */,
				9FE0D5BB2630A0FC007BFAB0 /* ShapeButtonsViewModel.swift */,
				9FE0D5C62630C375007BFAB0 /* ShapeButtonsRow.swift */,
			);
			path = ShapeButtons;
			sourceTree = "<group>";
		};
		9FE0D5F92630D6B7007BFAB0 /* Contentview */ = {
			isa = PBXGroup;
			children = (
				9F8894B626A353EC003E859D /* ContentModel.swift */,
				9F8894B926A354A3003E859D /* ContentViewModel.swift */,
				9FE0D57226309F81007BFAB0 /* ContentView.swift */,
			);
			path = Contentview;
			sourceTree = "<group>";
		};
		9FE0D6492630EDBD007BFAB0 /* Menu */ = {
			isa = PBXGroup;
			children = (
				9FE0D5F82630D69E007BFAB0 /* ShapeButtons */,
				9FE0D64A2630EE18007BFAB0 /* Properties */,
				9FE0D5D22630CD5C007BFAB0 /* MenuModel.swift */,
				9FE0D5E52630CFE2007BFAB0 /* MenuViewModel.swift */,
				9FE0D63A2630ED45007BFAB0 /* MenuView.swift */,
				9F94EF3026C5B294009D2E0C /* MenuDelegate.swift */,
				9FD9897E27149B6200A0A08C /* ShowHelpDelegate.swift */,
			);
			path = Menu;
			sourceTree = "<group>";
		};
		9FE0D64A2630EE18007BFAB0 /* Properties */ = {
			isa = PBXGroup;
			children = (
				9FE0D65E2630EEB2007BFAB0 /* Position */,
				9FE0D65D2630EEA6007BFAB0 /* Size */,
				9F94EF4226CBF0F0009D2E0C /* Other */,
			);
			path = Properties;
			sourceTree = "<group>";
		};
		9FE0D65D2630EEA6007BFAB0 /* Size */ = {
			isa = PBXGroup;
			children = (
				9FE0D64B2630EE2A007BFAB0 /* Size.swift */,
				9FE0D6562630EE9E007BFAB0 /* SizeViewModel.swift */,
				9FE0D6602630EFB7007BFAB0 /* SizePropertiesView.swift */,
				9F94EF2726C15630009D2E0C /* UpdateSizeDelegate.swift */,
			);
			path = Size;
			sourceTree = "<group>";
		};
		9FE0D65E2630EEB2007BFAB0 /* Position */ = {
			isa = PBXGroup;
			children = (
				9FE0D6722630F8AE007BFAB0 /* Position.swift */,
				9FE0D6792630F8F0007BFAB0 /* PositionViewModel.swift */,
				9FE0D6802630F967007BFAB0 /* PositionPropertiesView.swift */,
				9F4A744826C1508900421873 /* UpdatePositionDelegate.swift */,
			);
			path = Position;
			sourceTree = "<group>";
		};
/* End PBXGroup section */

/* Begin PBXNativeTarget section */
		9FE0D57F26309F85007BFAB0 /* AlgorithmSimulator-macOS */ = {
			isa = PBXNativeTarget;
			buildConfigurationList = 9FE0D5A526309F85007BFAB0 /* Build configuration list for PBXNativeTarget "AlgorithmSimulator-macOS" */;
			buildPhases = (
				9FE0D57C26309F85007BFAB0 /* Sources */,
				9FE0D57D26309F85007BFAB0 /* Frameworks */,
				9FE0D57E26309F85007BFAB0 /* Resources */,
				9FE098F72701F78700B3EDBD /* Embed Frameworks */,
			);
			buildRules = (
			);
			dependencies = (
			);
			name = "AlgorithmSimulator-macOS";
			productName = "Test (macOS)";
			productReference = 9FE0D58026309F85007BFAB0 /* AlgorhitmSimulator.app */;
			productType = "com.apple.product-type.application";
		};
		9FE0D59226309F85007BFAB0 /* AlgorhitmSimulators macOS */ = {
			isa = PBXNativeTarget;
			buildConfigurationList = 9FE0D5AB26309F85007BFAB0 /* Build configuration list for PBXNativeTarget "AlgorhitmSimulators macOS" */;
			buildPhases = (
				9FE0D58F26309F85007BFAB0 /* Sources */,
				9FE0D59026309F85007BFAB0 /* Frameworks */,
				9FE0D59126309F85007BFAB0 /* Resources */,
			);
			buildRules = (
			);
			dependencies = (
				9FE0D59526309F85007BFAB0 /* PBXTargetDependency */,
			);
			name = "AlgorhitmSimulators macOS";
			productName = "Tests macOS";
			productReference = 9FE0D59326309F85007BFAB0 /* AlgorhitmSimulators macOS.xctest */;
			productType = "com.apple.product-type.bundle.ui-testing";
		};
/* End PBXNativeTarget section */

/* Begin PBXProject section */
		9FE0D56C26309F81007BFAB0 /* Project object */ = {
			isa = PBXProject;
			attributes = {
				LastSwiftUpdateCheck = 1240;
				LastUpgradeCheck = 1300;
				TargetAttributes = {
					9FE0D57F26309F85007BFAB0 = {
						CreatedOnToolsVersion = 12.4;
					};
					9FE0D59226309F85007BFAB0 = {
						CreatedOnToolsVersion = 12.4;
						TestTargetID = 9FE0D57F26309F85007BFAB0;
					};
				};
			};
			buildConfigurationList = 9FE0D56F26309F81007BFAB0 /* Build configuration list for PBXProject "AlgorithmSimulator" */;
			compatibilityVersion = "Xcode 9.3";
			developmentRegion = en;
			hasScannedForEncodings = 0;
			knownRegions = (
				en,
				Base,
			);
			mainGroup = 9FE0D56B26309F81007BFAB0;
			productRefGroup = 9FE0D57926309F84007BFAB0 /* Products */;
			projectDirPath = "";
			projectRoot = "";
			targets = (
				9FE0D57F26309F85007BFAB0 /* AlgorithmSimulator-macOS */,
				9FE0D59226309F85007BFAB0 /* AlgorhitmSimulators macOS */,
			);
		};
/* End PBXProject section */

/* Begin PBXResourcesBuildPhase section */
		9FE0D57E26309F85007BFAB0 /* Resources */ = {
			isa = PBXResourcesBuildPhase;
			buildActionMask = 2147483647;
			files = (
				9FE0D59F26309F85007BFAB0 /* Assets.xcassets in Resources */,
			);
			runOnlyForDeploymentPostprocessing = 0;
		};
		9FE0D59126309F85007BFAB0 /* Resources */ = {
			isa = PBXResourcesBuildPhase;
			buildActionMask = 2147483647;
			files = (
				9FD989832714C24B00A0A08C /* Assets.xcassets in Resources */,
			);
			runOnlyForDeploymentPostprocessing = 0;
		};
/* End PBXResourcesBuildPhase section */

/* Begin PBXSourcesBuildPhase section */
		9FE0D57C26309F85007BFAB0 /* Sources */ = {
			isa = PBXSourcesBuildPhase;
			buildActionMask = 2147483647;
			files = (
				9FE0D6742630F8AE007BFAB0 /* Position.swift in Sources */,
				9F94EF4526CBF10A009D2E0C /* StartEndProps.swift in Sources */,
				9FE098F426FF896A00B3EDBD /* SavesManager.swift in Sources */,
				9FE099042703340900B3EDBD /* SaveFiles.swift in Sources */,
				9F94EF3926CBEBE7009D2E0C /* ObstacleGenerator.swift in Sources */,
				9F7BD01226FB76BF00D2948F /* PyramidPropertiesViewModel.swift in Sources */,
				9F94EF3F26CBEC0B009D2E0C /* SceneKitView.swift in Sources */,
				9FE0D5BD2630A0FC007BFAB0 /* ShapeButtonsViewModel.swift in Sources */,
				9F94EF3226C5B294009D2E0C /* MenuDelegate.swift in Sources */,
				9F4A73CE26AC20AB00421873 /* EditorSceneDelegate.swift in Sources */,
				9F7BD00F26FB766300D2948F /* PyramidPeak.swift in Sources */,
				9FE0D5E72630CFE2007BFAB0 /* MenuViewModel.swift in Sources */,
				9F60784F26D9500F00CC9468 /* Algorithms.swift in Sources */,
				9F60784D26D9500200CC9468 /* AlgorithmsMenuView.swift in Sources */,
				9F60785C26E64E0500CC9468 /* DrawPathDelegate.swift in Sources */,
				9FD9897F27149B6200A0A08C /* ShowHelpDelegate.swift in Sources */,
				9F94EF4126CBEC0B009D2E0C /* SceneViewRepresentable.swift in Sources */,
				9FE099052703340C00B3EDBD /* SavesMenuView.swift in Sources */,
				9FE0D67B2630F8F0007BFAB0 /* PositionViewModel.swift in Sources */,
				9FE0D6822630F967007BFAB0 /* PositionPropertiesView.swift in Sources */,
				9FE0D5C82630C376007BFAB0 /* ShapeButtonsRow.swift in Sources */,
				9FE0D6582630EE9E007BFAB0 /* SizeViewModel.swift in Sources */,
				9FE0D5D82630CD6E007BFAB0 /* MenuModel.swift in Sources */,
				9F1EBE3026FC832200AD4F63 /* UpdatePeakPositionDelegate.swift in Sources */,
				9F94EF3B26CBEBE7009D2E0C /* ObstacleGeneratorDelegate.swift in Sources */,
				9FD9897D27137B9200A0A08C /* SwiftPriorityQueue.swift in Sources */,
				9FE0990C2703726C00B3EDBD /* SaveMenuDelegate.swift in Sources */,
				9F94EF4B26CBF136009D2E0C /* StartEndPropsView.swift in Sources */,
				9FE0D63C2630ED45007BFAB0 /* MenuView.swift in Sources */,
				9FD989822714A4F000A0A08C /* HelpMenuView.swift in Sources */,
				9F8894BB26A354A3003E859D /* ContentViewModel.swift in Sources */,
				9F94EF2926C15630009D2E0C /* UpdateSizeDelegate.swift in Sources */,
				9F60785226DBA5A100CC9468 /* ObstaclesForAlgorithmDelegate.swift in Sources */,
				9F94EF4826CBF12A009D2E0C /* StartEndPropsViewModel.swift in Sources */,
				9F8894B826A353EC003E859D /* ContentModel.swift in Sources */,
				9F60785F26E651D100CC9468 /* PathDrawer.swift in Sources */,
				9F4A744A26C1508900421873 /* UpdatePositionDelegate.swift in Sources */,
				9F2F5D7D26CE94DC0071B0C3 /* Node.swift in Sources */,
				9F7BD00126FB383700D2948F /* Pyramid.swift in Sources */,
				9FE0D6622630EFB7007BFAB0 /* SizePropertiesView.swift in Sources */,
				9FE0D59D26309F85007BFAB0 /* ContentView.swift in Sources */,
				9F8894B026A350D2003E859D /* Content.swift in Sources */,
				9F4A73CB26A9F4E500421873 /* Coordinator.swift in Sources */,
				9F7BD01526FB775C00D2948F /* PyramidPeakView.swift in Sources */,
				9FE099032703340600B3EDBD /* SavesMenuViewModel.swift in Sources */,
				9FE0D5B426309FC7007BFAB0 /* ShapeButton.swift in Sources */,
				9FE0D59B26309F85007BFAB0 /* AlgorhitmSimulatorApp.swift in Sources */,
				9F60785926DF9CAC00CC9468 /* AlgorithmPicker.swift in Sources */,
				9F94EF5126CE9092009D2E0C /* Grid.swift in Sources */,
				9FE0D6692630F114007BFAB0 /* Formatter.swift in Sources */,
				9F60784E26D9500C00CC9468 /* AlgorithmsViewModel.swift in Sources */,
				9FE0D64D2630EE2A007BFAB0 /* Size.swift in Sources */,
				9FE0D6122630DB11007BFAB0 /* LabeledDivider.swift in Sources */,
			);
			runOnlyForDeploymentPostprocessing = 0;
		};
		9FE0D58F26309F85007BFAB0 /* Sources */ = {
			isa = PBXSourcesBuildPhase;
			buildActionMask = 2147483647;
			files = (
			);
			runOnlyForDeploymentPostprocessing = 0;
		};
/* End PBXSourcesBuildPhase section */

/* Begin PBXTargetDependency section */
		9FE0D59526309F85007BFAB0 /* PBXTargetDependency */ = {
			isa = PBXTargetDependency;
			target = 9FE0D57F26309F85007BFAB0 /* AlgorithmSimulator-macOS */;
			targetProxy = 9FE0D59426309F85007BFAB0 /* PBXContainerItemProxy */;
		};
/* End PBXTargetDependency section */

/* Begin XCBuildConfiguration section */
		9FE0D5A026309F85007BFAB0 /* Debug */ = {
			isa = XCBuildConfiguration;
			buildSettings = {
				ALWAYS_SEARCH_USER_PATHS = NO;
				CLANG_ANALYZER_NONNULL = YES;
				CLANG_ANALYZER_NUMBER_OBJECT_CONVERSION = YES_AGGRESSIVE;
				CLANG_CXX_LANGUAGE_STANDARD = "gnu++14";
				CLANG_CXX_LIBRARY = "libc++";
				CLANG_ENABLE_MODULES = YES;
				CLANG_ENABLE_OBJC_ARC = YES;
				CLANG_ENABLE_OBJC_WEAK = YES;
				CLANG_WARN_BLOCK_CAPTURE_AUTORELEASING = YES;
				CLANG_WARN_BOOL_CONVERSION = YES;
				CLANG_WARN_COMMA = YES;
				CLANG_WARN_CONSTANT_CONVERSION = YES;
				CLANG_WARN_DEPRECATED_OBJC_IMPLEMENTATIONS = YES;
				CLANG_WARN_DIRECT_OBJC_ISA_USAGE = YES_ERROR;
				CLANG_WARN_DOCUMENTATION_COMMENTS = YES;
				CLANG_WARN_EMPTY_BODY = YES;
				CLANG_WARN_ENUM_CONVERSION = YES;
				CLANG_WARN_INFINITE_RECURSION = YES;
				CLANG_WARN_INT_CONVERSION = YES;
				CLANG_WARN_NON_LITERAL_NULL_CONVERSION = YES;
				CLANG_WARN_OBJC_IMPLICIT_RETAIN_SELF = YES;
				CLANG_WARN_OBJC_LITERAL_CONVERSION = YES;
				CLANG_WARN_OBJC_ROOT_CLASS = YES_ERROR;
				CLANG_WARN_QUOTED_INCLUDE_IN_FRAMEWORK_HEADER = YES;
				CLANG_WARN_RANGE_LOOP_ANALYSIS = YES;
				CLANG_WARN_STRICT_PROTOTYPES = YES;
				CLANG_WARN_SUSPICIOUS_MOVE = YES;
				CLANG_WARN_UNGUARDED_AVAILABILITY = YES_AGGRESSIVE;
				CLANG_WARN_UNREACHABLE_CODE = YES;
				CLANG_WARN__DUPLICATE_METHOD_MATCH = YES;
				COPY_PHASE_STRIP = NO;
				DEBUG_INFORMATION_FORMAT = dwarf;
				ENABLE_APP_SANDBOX = YES;
				ENABLE_STRICT_OBJC_MSGSEND = YES;
				ENABLE_TESTABILITY = YES;
				GCC_C_LANGUAGE_STANDARD = gnu11;
				GCC_DYNAMIC_NO_PIC = NO;
				GCC_NO_COMMON_BLOCKS = YES;
				GCC_OPTIMIZATION_LEVEL = 0;
				GCC_PREPROCESSOR_DEFINITIONS = (
					"DEBUG=1",
					"$(inherited)",
				);
				GCC_WARN_64_TO_32_BIT_CONVERSION = YES;
				GCC_WARN_ABOUT_RETURN_TYPE = YES_ERROR;
				GCC_WARN_UNDECLARED_SELECTOR = YES;
				GCC_WARN_UNINITIALIZED_AUTOS = YES_AGGRESSIVE;
				GCC_WARN_UNUSED_FUNCTION = YES;
				GCC_WARN_UNUSED_VARIABLE = YES;
				MTL_ENABLE_DEBUG_INFO = INCLUDE_SOURCE;
				MTL_FAST_MATH = YES;
				ONLY_ACTIVE_ARCH = YES;
				PRODUCT_NAME = AlgorhitmSimulator;
				SWIFT_ACTIVE_COMPILATION_CONDITIONS = DEBUG;
				SWIFT_OPTIMIZATION_LEVEL = "-Onone";
			};
			name = Debug;
		};
		9FE0D5A126309F85007BFAB0 /* Release */ = {
			isa = XCBuildConfiguration;
			buildSettings = {
				ALWAYS_SEARCH_USER_PATHS = NO;
				CLANG_ANALYZER_NONNULL = YES;
				CLANG_ANALYZER_NUMBER_OBJECT_CONVERSION = YES_AGGRESSIVE;
				CLANG_CXX_LANGUAGE_STANDARD = "gnu++14";
				CLANG_CXX_LIBRARY = "libc++";
				CLANG_ENABLE_MODULES = YES;
				CLANG_ENABLE_OBJC_ARC = YES;
				CLANG_ENABLE_OBJC_WEAK = YES;
				CLANG_WARN_BLOCK_CAPTURE_AUTORELEASING = YES;
				CLANG_WARN_BOOL_CONVERSION = YES;
				CLANG_WARN_COMMA = YES;
				CLANG_WARN_CONSTANT_CONVERSION = YES;
				CLANG_WARN_DEPRECATED_OBJC_IMPLEMENTATIONS = YES;
				CLANG_WARN_DIRECT_OBJC_ISA_USAGE = YES_ERROR;
				CLANG_WARN_DOCUMENTATION_COMMENTS = YES;
				CLANG_WARN_EMPTY_BODY = YES;
				CLANG_WARN_ENUM_CONVERSION = YES;
				CLANG_WARN_INFINITE_RECURSION = YES;
				CLANG_WARN_INT_CONVERSION = YES;
				CLANG_WARN_NON_LITERAL_NULL_CONVERSION = YES;
				CLANG_WARN_OBJC_IMPLICIT_RETAIN_SELF = YES;
				CLANG_WARN_OBJC_LITERAL_CONVERSION = YES;
				CLANG_WARN_OBJC_ROOT_CLASS = YES_ERROR;
				CLANG_WARN_QUOTED_INCLUDE_IN_FRAMEWORK_HEADER = YES;
				CLANG_WARN_RANGE_LOOP_ANALYSIS = YES;
				CLANG_WARN_STRICT_PROTOTYPES = YES;
				CLANG_WARN_SUSPICIOUS_MOVE = YES;
				CLANG_WARN_UNGUARDED_AVAILABILITY = YES_AGGRESSIVE;
				CLANG_WARN_UNREACHABLE_CODE = YES;
				CLANG_WARN__DUPLICATE_METHOD_MATCH = YES;
				COPY_PHASE_STRIP = NO;
				DEBUG_INFORMATION_FORMAT = "dwarf-with-dsym";
				ENABLE_APP_SANDBOX = YES;
				ENABLE_NS_ASSERTIONS = NO;
				ENABLE_STRICT_OBJC_MSGSEND = YES;
				GCC_C_LANGUAGE_STANDARD = gnu11;
				GCC_NO_COMMON_BLOCKS = YES;
				GCC_WARN_64_TO_32_BIT_CONVERSION = YES;
				GCC_WARN_ABOUT_RETURN_TYPE = YES_ERROR;
				GCC_WARN_UNDECLARED_SELECTOR = YES;
				GCC_WARN_UNINITIALIZED_AUTOS = YES_AGGRESSIVE;
				GCC_WARN_UNUSED_FUNCTION = YES;
				GCC_WARN_UNUSED_VARIABLE = YES;
				MTL_ENABLE_DEBUG_INFO = NO;
				MTL_FAST_MATH = YES;
				PRODUCT_NAME = AlgorhitmSimulator;
				SWIFT_COMPILATION_MODE = wholemodule;
				SWIFT_OPTIMIZATION_LEVEL = "-O";
			};
			name = Release;
		};
		9FE0D5A626309F85007BFAB0 /* Debug */ = {
			isa = XCBuildConfiguration;
			buildSettings = {
				ASSETCATALOG_COMPILER_APPICON_NAME = AppIcon;
				ASSETCATALOG_COMPILER_GLOBAL_ACCENT_COLOR_NAME = AccentColor;
				CODE_SIGN_ENTITLEMENTS = macOS/macOS.entitlements;
				CODE_SIGN_IDENTITY = "-";
				CODE_SIGN_STYLE = Automatic;
				COMBINE_HIDPI_IMAGES = YES;
				ENABLE_PREVIEWS = YES;
				INFOPLIST_FILE = macOS/Info.plist;
				LD_RUNPATH_SEARCH_PATHS = (
					"$(inherited)",
					"@executable_path/../Frameworks",
				);
				MACOSX_DEPLOYMENT_TARGET = 11.0;
				PRODUCT_BUNDLE_IDENTIFIER = test.Test;
				PRODUCT_NAME = AlgorhitmSimulator;
				SDKROOT = macosx;
				SWIFT_VERSION = 5.0;
			};
			name = Debug;
		};
		9FE0D5A726309F85007BFAB0 /* Release */ = {
			isa = XCBuildConfiguration;
			buildSettings = {
				ASSETCATALOG_COMPILER_APPICON_NAME = AppIcon;
				ASSETCATALOG_COMPILER_GLOBAL_ACCENT_COLOR_NAME = AccentColor;
				CODE_SIGN_ENTITLEMENTS = macOS/macOS.entitlements;
				CODE_SIGN_IDENTITY = "-";
				CODE_SIGN_STYLE = Automatic;
				COMBINE_HIDPI_IMAGES = YES;
				ENABLE_PREVIEWS = YES;
				INFOPLIST_FILE = macOS/Info.plist;
				LD_RUNPATH_SEARCH_PATHS = (
					"$(inherited)",
					"@executable_path/../Frameworks",
				);
				MACOSX_DEPLOYMENT_TARGET = 11.0;
				PRODUCT_BUNDLE_IDENTIFIER = test.Test;
				PRODUCT_NAME = AlgorhitmSimulator;
				SDKROOT = macosx;
				SWIFT_VERSION = 5.0;
			};
			name = Release;
		};
		9FE0D5AC26309F85007BFAB0 /* Debug */ = {
			isa = XCBuildConfiguration;
			buildSettings = {
				ALWAYS_EMBED_SWIFT_STANDARD_LIBRARIES = YES;
				CODE_SIGN_STYLE = Automatic;
				COMBINE_HIDPI_IMAGES = YES;
				INFOPLIST_FILE = "Tests macOS/Info.plist";
				LD_RUNPATH_SEARCH_PATHS = (
					"$(inherited)",
					"@executable_path/../Frameworks",
					"@loader_path/../Frameworks",
				);
				MACOSX_DEPLOYMENT_TARGET = 11.1;
				PRODUCT_BUNDLE_IDENTIFIER = "test.Tests-macOS";
				PRODUCT_NAME = "$(TARGET_NAME)";
				SDKROOT = macosx;
				SWIFT_VERSION = 5.0;
				TEST_TARGET_NAME = "Test (macOS)";
			};
			name = Debug;
		};
		9FE0D5AD26309F85007BFAB0 /* Release */ = {
			isa = XCBuildConfiguration;
			buildSettings = {
				ALWAYS_EMBED_SWIFT_STANDARD_LIBRARIES = YES;
				CODE_SIGN_STYLE = Automatic;
				COMBINE_HIDPI_IMAGES = YES;
				INFOPLIST_FILE = "Tests macOS/Info.plist";
				LD_RUNPATH_SEARCH_PATHS = (
					"$(inherited)",
					"@executable_path/../Frameworks",
					"@loader_path/../Frameworks",
				);
				MACOSX_DEPLOYMENT_TARGET = 11.1;
				PRODUCT_BUNDLE_IDENTIFIER = "test.Tests-macOS";
				PRODUCT_NAME = "$(TARGET_NAME)";
				SDKROOT = macosx;
				SWIFT_VERSION = 5.0;
				TEST_TARGET_NAME = "Test (macOS)";
			};
			name = Release;
		};
/* End XCBuildConfiguration section */

/* Begin XCConfigurationList section */
		9FE0D56F26309F81007BFAB0 /* Build configuration list for PBXProject "AlgorithmSimulator" */ = {
			isa = XCConfigurationList;
			buildConfigurations = (
				9FE0D5A026309F85007BFAB0 /* Debug */,
				9FE0D5A126309F85007BFAB0 /* Release */,
			);
			defaultConfigurationIsVisible = 0;
			defaultConfigurationName = Debug;
		};
		9FE0D5A526309F85007BFAB0 /* Build configuration list for PBXNativeTarget "AlgorithmSimulator-macOS" */ = {
			isa = XCConfigurationList;
			buildConfigurations = (
				9FE0D5A626309F85007BFAB0 /* Debug */,
				9FE0D5A726309F85007BFAB0 /* Release */,
			);
			defaultConfigurationIsVisible = 0;
			defaultConfigurationName = Debug;
		};
		9FE0D5AB26309F85007BFAB0 /* Build configuration list for PBXNativeTarget "AlgorhitmSimulators macOS" */ = {
			isa = XCConfigurationList;
			buildConfigurations = (
				9FE0D5AC26309F85007BFAB0 /* Debug */,
				9FE0D5AD26309F85007BFAB0 /* Release */,
			);
			defaultConfigurationIsVisible = 0;
			defaultConfigurationName = Debug;
		};
/* End XCConfigurationList section */
	};
	rootObject = 9FE0D56C26309F81007BFAB0 /* Project object */;
}
